PODS:
  - AnchoredBottomSheet (1.6.3)

DEPENDENCIES:
  - AnchoredBottomSheet (from `../`)

EXTERNAL SOURCES:
  AnchoredBottomSheet:
    :path: "../"

SPEC CHECKSUMS:
  AnchoredBottomSheet: 9f12a869332c9157aa68054b6ba94414a7249568

PODFILE CHECKSUM: 77164d437cf70786e3e3575ef7f8acde18e1f5bd

COCOAPODS: 1.12.0
