PODS:
  - AnchoredBottomSheet (1.3.0)

DEPENDENCIES:
  - AnchoredBottomSheet (from `../`)

EXTERNAL SOURCES:
  AnchoredBottomSheet:
    :path: "../"

SPEC CHECKSUMS:
  AnchoredBottomSheet: 61c3b5e7b7b448f24899ba2e1fcba6762cbc0b94

PODFILE CHECKSUM: 9d2fa57cad45113c77064b354f9582a45331dfbf

COCOAPODS: 1.10.1
