PODS:
  - AnchoredBottomSheet (1.4)

DEPENDENCIES:
  - AnchoredBottomSheet (from `../`)

EXTERNAL SOURCES:
  AnchoredBottomSheet:
    :path: "../"

SPEC CHECKSUMS:
  AnchoredBottomSheet: 9404da0df1ecc20661cab8f5f945b95ce11d2f05

PODFILE CHECKSUM: 77164d437cf70786e3e3575ef7f8acde18e1f5bd

COCOAPODS: 1.11.2
