// !$*UTF8*$!
{
	archiveVersion = 1;
	classes = {
	};
	objectVersion = 52;
	objects = {

/* Begin PBXBuildFile section */
		E48B30DA26490D5400F23269 /* AppDelegate.swift in Sources */ = {isa = PBXBuildFile; fileRef = E48B30D926490D5400F23269 /* AppDelegate.swift */; };
		E48B30DC26490D5400F23269 /* SceneDelegate.swift in Sources */ = {isa = PBXBuildFile; fileRef = E48B30DB26490D5400F23269 /* SceneDelegate.swift */; };
		E48B30DE26490D5400F23269 /* ViewController.swift in Sources */ = {isa = PBXBuildFile; fileRef = E48B30DD26490D5400F23269 /* ViewController.swift */; };
		E48B30E126490D5400F23269 /* Main.storyboard in Resources */ = {isa = PBXBuildFile; fileRef = E48B30DF26490D5400F23269 /* Main.storyboard */; };
		E48B30E326490D5500F23269 /* Assets.xcassets in Resources */ = {isa = PBXBuildFile; fileRef = E48B30E226490D5500F23269 /* Assets.xcassets */; };
		E48B30E626490D5500F23269 /* LaunchScreen.storyboard in Resources */ = {isa = PBXBuildFile; fileRef = E48B30E426490D5500F23269 /* LaunchScreen.storyboard */; };
		E48B30F0264918D100F23269 /* AnchoredBottomSheet in Frameworks */ = {isa = PBXBuildFile; productRef = E48B30EF264918D100F23269 /* AnchoredBottomSheet */; };
/* End PBXBuildFile section */

/* Begin PBXFileReference section */
		E48B30D626490D5400F23269 /* ExampleSPM.app */ = {isa = PBXFileReference; explicitFileType = wrapper.application; includeInIndex = 0; path = ExampleSPM.app; sourceTree = BUILT_PRODUCTS_DIR; };
		E48B30D926490D5400F23269 /* AppDelegate.swift */ = {isa = PBXFileReference; lastKnownFileType = sourcecode.swift; path = AppDelegate.swift; sourceTree = "<group>"; };
		E48B30DB26490D5400F23269 /* SceneDelegate.swift */ = {isa = PBXFileReference; lastKnownFileType = sourcecode.swift; path = SceneDelegate.swift; sourceTree = "<group>"; };
		E48B30DD26490D5400F23269 /* ViewController.swift */ = {isa = PBXFileReference; lastKnownFileType = sourcecode.swift; path = ViewController.swift; sourceTree = "<group>"; };
		E48B30E026490D5400F23269 /* Base */ = {isa = PBXFileReference; lastKnownFileType = file.storyboard; name = Base; path = Base.lproj/Main.storyboard; sourceTree = "<group>"; };
		E48B30E226490D5500F23269 /* Assets.xcassets */ = {isa = PBXFileReference; lastKnownFileType = folder.assetcatalog; path = Assets.xcassets; sourceTree = "<group>"; };
		E48B30E526490D5500F23269 /* Base */ = {isa = PBXFileReference; lastKnownFileType = file.storyboard; name = Base; path = Base.lproj/LaunchScreen.storyboard; sourceTree = "<group>"; };
		E48B30E726490D5500F23269 /* Info.plist */ = {isa = PBXFileReference; lastKnownFileType = text.plist.xml; path = Info.plist; sourceTree = "<group>"; };
/* End PBXFileReference section */

/* Begin PBXFrameworksBuildPhase section */
		E48B30D326490D5400F23269 /* Frameworks */ = {
			isa = PBXFrameworksBuildPhase;
			buildActionMask = 2147483647;
			files = (
				E48B30F0264918D100F23269 /* AnchoredBottomSheet in Frameworks */,
			);
			runOnlyForDeploymentPostprocessing = 0;
		};
/* End PBXFrameworksBuildPhase section */

/* Begin PBXGroup section */
		E48B30CD26490D5400F23269 = {
			isa = PBXGroup;
			children = (
				E48B30D826490D5400F23269 /* ExampleSPM */,
				E48B30D726490D5400F23269 /* Products */,
			);
			sourceTree = "<group>";
		};
		E48B30D726490D5400F23269 /* Products */ = {
			isa = PBXGroup;
			children = (
				E48B30D626490D5400F23269 /* ExampleSPM.app */,
			);
			name = Products;
			sourceTree = "<group>";
		};
		E48B30D826490D5400F23269 /* ExampleSPM */ = {
			isa = PBXGroup;
			children = (
				E48B30D926490D5400F23269 /* AppDelegate.swift */,
				E48B30DB26490D5400F23269 /* SceneDelegate.swift */,
				E48B30DD26490D5400F23269 /* ViewController.swift */,
				E48B30DF26490D5400F23269 /* Main.storyboard */,
				E48B30E226490D5500F23269 /* Assets.xcassets */,
				E48B30E426490D5500F23269 /* LaunchScreen.storyboard */,
				E48B30E726490D5500F23269 /* Info.plist */,
			);
			path = ExampleSPM;
			sourceTree = "<group>";
		};
/* End PBXGroup section */

/* Begin PBXNativeTarget section */
		E48B30D526490D5400F23269 /* ExampleSPM */ = {
			isa = PBXNativeTarget;
			buildConfigurationList = E48B30EA26490D5500F23269 /* Build configuration list for PBXNativeTarget "ExampleSPM" */;
			buildPhases = (
				E48B30D226490D5400F23269 /* Sources */,
				E48B30D326490D5400F23269 /* Frameworks */,
				E48B30D426490D5400F23269 /* Resources */,
			);
			buildRules = (
			);
			dependencies = (
			);
			name = ExampleSPM;
			packageProductDependencies = (
				E48B30EF264918D100F23269 /* AnchoredBottomSheet */,
			);
			productName = ExampleSPM;
			productReference = E48B30D626490D5400F23269 /* ExampleSPM.app */;
			productType = "com.apple.product-type.application";
		};
/* End PBXNativeTarget section */

/* Begin PBXProject section */
		E48B30CE26490D5400F23269 /* Project object */ = {
			isa = PBXProject;
			attributes = {
				LastSwiftUpdateCheck = 1240;
				LastUpgradeCheck = 1240;
				TargetAttributes = {
					E48B30D526490D5400F23269 = {
						CreatedOnToolsVersion = 12.4;
					};
				};
			};
			buildConfigurationList = E48B30D126490D5400F23269 /* Build configuration list for PBXProject "ExampleSPM" */;
			compatibilityVersion = "Xcode 9.3";
			developmentRegion = en;
			hasScannedForEncodings = 0;
			knownRegions = (
				en,
				Base,
			);
			mainGroup = E48B30CD26490D5400F23269;
			packageReferences = (
				E48B30EE264918D100F23269 /* XCRemoteSwiftPackageReference "AnchoredBottomSheet" */,
			);
			productRefGroup = E48B30D726490D5400F23269 /* Products */;
			projectDirPath = "";
			projectRoot = "";
			targets = (
				E48B30D526490D5400F23269 /* ExampleSPM */,
			);
		};
/* End PBXProject section */

/* Begin PBXResourcesBuildPhase section */
		E48B30D426490D5400F23269 /* Resources */ = {
			isa = PBXResourcesBuildPhase;
			buildActionMask = 2147483647;
			files = (
				E48B30E626490D5500F23269 /* LaunchScreen.storyboard in Resources */,
				E48B30E326490D5500F23269 /* Assets.xcassets in Resources */,
				E48B30E126490D5400F23269 /* Main.storyboard in Resources */,
			);
			runOnlyForDeploymentPostprocessing = 0;
		};
/* End PBXResourcesBuildPhase section */

/* Begin PBXSourcesBuildPhase section */
		E48B30D226490D5400F23269 /* Sources */ = {
			isa = PBXSourcesBuildPhase;
			buildActionMask = 2147483647;
			files = (
				E48B30DE26490D5400F23269 /* ViewController.swift in Sources */,
				E48B30DA26490D5400F23269 /* AppDelegate.swift in Sources */,
				E48B30DC26490D5400F23269 /* SceneDelegate.swift in Sources */,
			);
			runOnlyForDeploymentPostprocessing = 0;
		};
/* End PBXSourcesBuildPhase section */

/* Begin PBXVariantGroup section */
		E48B30DF26490D5400F23269 /* Main.storyboard */ = {
			isa = PBXVariantGroup;
			children = (
				E48B30E026490D5400F23269 /* Base */,
			);
			name = Main.storyboard;
			sourceTree = "<group>";
		};
		E48B30E426490D5500F23269 /* LaunchScreen.storyboard */ = {
			isa = PBXVariantGroup;
			children = (
				E48B30E526490D5500F23269 /* Base */,
			);
			name = LaunchScreen.storyboard;
			sourceTree = "<group>";
		};
/* End PBXVariantGroup section */

/* Begin XCBuildConfiguration section */
		E48B30E826490D5500F23269 /* Debug */ = {
			isa = XCBuildConfiguration;
			buildSettings = {
				ALWAYS_SEARCH_USER_PATHS = NO;
				CLANG_ANALYZER_NONNULL = YES;
				CLANG_ANALYZER_NUMBER_OBJECT_CONVERSION = YES_AGGRESSIVE;
				CLANG_CXX_LANGUAGE_STANDARD = "gnu++14";
				CLANG_CXX_LIBRARY = "libc++";
				CLANG_ENABLE_MODULES = YES;
				CLANG_ENABLE_OBJC_ARC = YES;
				CLANG_ENABLE_OBJC_WEAK = YES;
				CLANG_WARN_BLOCK_CAPTURE_AUTORELEASING = YES;
				CLANG_WARN_BOOL_CONVERSION = YES;
				CLANG_WARN_COMMA = YES;
				CLANG_WARN_CONSTANT_CONVERSION = YES;
				CLANG_WARN_DEPRECATED_OBJC_IMPLEMENTATIONS = YES;
				CLANG_WARN_DIRECT_OBJC_ISA_USAGE = YES_ERROR;
				CLANG_WARN_DOCUMENTATION_COMMENTS = YES;
				CLANG_WARN_EMPTY_BODY = YES;
				CLANG_WARN_ENUM_CONVERSION = YES;
				CLANG_WARN_INFINITE_RECURSION = YES;
				CLANG_WARN_INT_CONVERSION = YES;
				CLANG_WARN_NON_LITERAL_NULL_CONVERSION = YES;
				CLANG_WARN_OBJC_IMPLICIT_RETAIN_SELF = YES;
				CLANG_WARN_OBJC_LITERAL_CONVERSION = YES;
				CLANG_WARN_OBJC_ROOT_CLASS = YES_ERROR;
				CLANG_WARN_QUOTED_INCLUDE_IN_FRAMEWORK_HEADER = YES;
				CLANG_WARN_RANGE_LOOP_ANALYSIS = YES;
				CLANG_WARN_STRICT_PROTOTYPES = YES;
				CLANG_WARN_SUSPICIOUS_MOVE = YES;
				CLANG_WARN_UNGUARDED_AVAILABILITY = YES_AGGRESSIVE;
				CLANG_WARN_UNREACHABLE_CODE = YES;
				CLANG_WARN__DUPLICATE_METHOD_MATCH = YES;
				COPY_PHASE_STRIP = NO;
				DEBUG_INFORMATION_FORMAT = dwarf;
				ENABLE_STRICT_OBJC_MSGSEND = YES;
				ENABLE_TESTABILITY = YES;
				GCC_C_LANGUAGE_STANDARD = gnu11;
				GCC_DYNAMIC_NO_PIC = NO;
				GCC_NO_COMMON_BLOCKS = YES;
				GCC_OPTIMIZATION_LEVEL = 0;
				GCC_PREPROCESSOR_DEFINITIONS = (
					"DEBUG=1",
					"$(inherited)",
				);
				GCC_WARN_64_TO_32_BIT_CONVERSION = YES;
				GCC_WARN_ABOUT_RETURN_TYPE = YES_ERROR;
				GCC_WARN_UNDECLARED_SELECTOR = YES;
				GCC_WARN_UNINITIALIZED_AUTOS = YES_AGGRESSIVE;
				GCC_WARN_UNUSED_FUNCTION = YES;
				GCC_WARN_UNUSED_VARIABLE = YES;
				IPHONEOS_DEPLOYMENT_TARGET = 14.4;
				MTL_ENABLE_DEBUG_INFO = INCLUDE_SOURCE;
				MTL_FAST_MATH = YES;
				ONLY_ACTIVE_ARCH = YES;
				SDKROOT = iphoneos;
				SWIFT_ACTIVE_COMPILATION_CONDITIONS = DEBUG;
				SWIFT_OPTIMIZATION_LEVEL = "-Onone";
			};
			name = Debug;
		};
		E48B30E926490D5500F23269 /* Release */ = {
			isa = XCBuildConfiguration;
			buildSettings = {
				ALWAYS_SEARCH_USER_PATHS = NO;
				CLANG_ANALYZER_NONNULL = YES;
				CLANG_ANALYZER_NUMBER_OBJECT_CONVERSION = YES_AGGRESSIVE;
				CLANG_CXX_LANGUAGE_STANDARD = "gnu++14";
				CLANG_CXX_LIBRARY = "libc++";
				CLANG_ENABLE_MODULES = YES;
				CLANG_ENABLE_OBJC_ARC = YES;
				CLANG_ENABLE_OBJC_WEAK = YES;
				CLANG_WARN_BLOCK_CAPTURE_AUTORELEASING = YES;
				CLANG_WARN_BOOL_CONVERSION = YES;
				CLANG_WARN_COMMA = YES;
				CLANG_WARN_CONSTANT_CONVERSION = YES;
				CLANG_WARN_DEPRECATED_OBJC_IMPLEMENTATIONS = YES;
				CLANG_WARN_DIRECT_OBJC_ISA_USAGE = YES_ERROR;
				CLANG_WARN_DOCUMENTATION_COMMENTS = YES;
				CLANG_WARN_EMPTY_BODY = YES;
				CLANG_WARN_ENUM_CONVERSION = YES;
				CLANG_WARN_INFINITE_RECURSION = YES;
				CLANG_WARN_INT_CONVERSION = YES;
				CLANG_WARN_NON_LITERAL_NULL_CONVERSION = YES;
				CLANG_WARN_OBJC_IMPLICIT_RETAIN_SELF = YES;
				CLANG_WARN_OBJC_LITERAL_CONVERSION = YES;
				CLANG_WARN_OBJC_ROOT_CLASS = YES_ERROR;
				CLANG_WARN_QUOTED_INCLUDE_IN_FRAMEWORK_HEADER = YES;
				CLANG_WARN_RANGE_LOOP_ANALYSIS = YES;
				CLANG_WARN_STRICT_PROTOTYPES = YES;
				CLANG_WARN_SUSPICIOUS_MOVE = YES;
				CLANG_WARN_UNGUARDED_AVAILABILITY = YES_AGGRESSIVE;
				CLANG_WARN_UNREACHABLE_CODE = YES;
				CLANG_WARN__DUPLICATE_METHOD_MATCH = YES;
				COPY_PHASE_STRIP = NO;
				DEBUG_INFORMATION_FORMAT = "dwarf-with-dsym";
				ENABLE_NS_ASSERTIONS = NO;
				ENABLE_STRICT_OBJC_MSGSEND = YES;
				GCC_C_LANGUAGE_STANDARD = gnu11;
				GCC_NO_COMMON_BLOCKS = YES;
				GCC_WARN_64_TO_32_BIT_CONVERSION = YES;
				GCC_WARN_ABOUT_RETURN_TYPE = YES_ERROR;
				GCC_WARN_UNDECLARED_SELECTOR = YES;
				GCC_WARN_UNINITIALIZED_AUTOS = YES_AGGRESSIVE;
				GCC_WARN_UNUSED_FUNCTION = YES;
				GCC_WARN_UNUSED_VARIABLE = YES;
				IPHONEOS_DEPLOYMENT_TARGET = 14.4;
				MTL_ENABLE_DEBUG_INFO = NO;
				MTL_FAST_MATH = YES;
				SDKROOT = iphoneos;
				SWIFT_COMPILATION_MODE = wholemodule;
				SWIFT_OPTIMIZATION_LEVEL = "-O";
				VALIDATE_PRODUCT = YES;
			};
			name = Release;
		};
		E48B30EB26490D5500F23269 /* Debug */ = {
			isa = XCBuildConfiguration;
			buildSettings = {
				ASSETCATALOG_COMPILER_APPICON_NAME = AppIcon;
				ASSETCATALOG_COMPILER_GLOBAL_ACCENT_COLOR_NAME = AccentColor;
				CODE_SIGN_STYLE = Automatic;
				INFOPLIST_FILE = ExampleSPM/Info.plist;
				LD_RUNPATH_SEARCH_PATHS = (
					"$(inherited)",
					"@executable_path/Frameworks",
				);
				PRODUCT_BUNDLE_IDENTIFIER = com.setmysails.anchoredbottomsheet.spm.ExampleSPM;
				PRODUCT_NAME = "$(TARGET_NAME)";
				SWIFT_VERSION = 5.0;
				TARGETED_DEVICE_FAMILY = "1,2";
			};
			name = Debug;
		};
		E48B30EC26490D5500F23269 /* Release */ = {
			isa = XCBuildConfiguration;
			buildSettings = {
				ASSETCATALOG_COMPILER_APPICON_NAME = AppIcon;
				ASSETCATALOG_COMPILER_GLOBAL_ACCENT_COLOR_NAME = AccentColor;
				CODE_SIGN_STYLE = Automatic;
				INFOPLIST_FILE = ExampleSPM/Info.plist;
				LD_RUNPATH_SEARCH_PATHS = (
					"$(inherited)",
					"@executable_path/Frameworks",
				);
				PRODUCT_BUNDLE_IDENTIFIER = com.setmysails.anchoredbottomsheet.spm.ExampleSPM;
				PRODUCT_NAME = "$(TARGET_NAME)";
				SWIFT_VERSION = 5.0;
				TARGETED_DEVICE_FAMILY = "1,2";
			};
			name = Release;
		};
/* End XCBuildConfiguration section */

/* Begin XCConfigurationList section */
		E48B30D126490D5400F23269 /* Build configuration list for PBXProject "ExampleSPM" */ = {
			isa = XCConfigurationList;
			buildConfigurations = (
				E48B30E826490D5500F23269 /* Debug */,
				E48B30E926490D5500F23269 /* Release */,
			);
			defaultConfigurationIsVisible = 0;
			defaultConfigurationName = Release;
		};
		E48B30EA26490D5500F23269 /* Build configuration list for PBXNativeTarget "ExampleSPM" */ = {
			isa = XCConfigurationList;
			buildConfigurations = (
				E48B30EB26490D5500F23269 /* Debug */,
				E48B30EC26490D5500F23269 /* Release */,
			);
			defaultConfigurationIsVisible = 0;
			defaultConfigurationName = Release;
		};
/* End XCConfigurationList section */

/* Begin XCRemoteSwiftPackageReference section */
		E48B30EE264918D100F23269 /* XCRemoteSwiftPackageReference "AnchoredBottomSheet" */ = {
			isa = XCRemoteSwiftPackageReference;
			repositoryURL = "git@github.com:havebeenfitz/AnchoredBottomSheet.git";
			requirement = {
				kind = upToNextMajorVersion;
				minimumVersion = 0.6.0;
			};
		};
/* End XCRemoteSwiftPackageReference section */

/* Begin XCSwiftPackageProductDependency section */
		E48B30EF264918D100F23269 /* AnchoredBottomSheet */ = {
			isa = XCSwiftPackageProductDependency;
			package = E48B30EE264918D100F23269 /* XCRemoteSwiftPackageReference "AnchoredBottomSheet" */;
			productName = AnchoredBottomSheet;
		};
/* End XCSwiftPackageProductDependency section */
	};
	rootObject = E48B30CE26490D5400F23269 /* Project object */;
}
